
Microsoft Visual Studio Solution File, Format Version 12.00
# Visual Studio Version 16
VisualStudioVersion = 16.0.31112.23
MinimumVisualStudioVersion = 10.0.40219.1
Project("{FAE04EC0-301F-11D3-BF4B-00C04F79EFBC}") = "DockerComposeFunctionApp", "DockerComposeFunctionApp\DockerComposeFunctionApp.csproj", "{EE48CF25-A39D-4B32-8E92-84C4B3EB7254}"
EndProject
Project("{E53339B2-1760-4266-BCC7-CA923CBCF16C}") = "docker-compose", "docker-compose.dcproj", "{9BBB84BC-5180-4033-A396-253C8B4B195E}"
EndProject
Global
	GlobalSection(SolutionConfigurationPlatforms) = preSolution
		Debug|Any CPU = Debug|Any CPU
		Release|Any CPU = Release|Any CPU
	EndGlobalSection
	GlobalSection(ProjectConfigurationPlatforms) = postSolution
		{EE48CF25-A39D-4B32-8E92-84C4B3EB7254}.Debug|Any CPU.ActiveCfg = Debug|Any CPU
		{EE48CF25-A39D-4B32-8E92-84C4B3EB7254}.Debug|Any CPU.Build.0 = Debug|Any CPU
		{EE48CF25-A39D-4B32-8E92-84C4B3EB7254}.Release|Any CPU.ActiveCfg = Release|Any CPU
		{EE48CF25-A39D-4B32-8E92-84C4B3EB7254}.Release|Any CPU.Build.0 = Release|Any CPU
		{9BBB84BC-5180-4033-A396-253C8B4B195E}.Debug|Any CPU.ActiveCfg = Debug|Any CPU
		{9BBB84BC-5180-4033-A396-253C8B4B195E}.Debug|Any CPU.Build.0 = Debug|Any CPU
		{9BBB84BC-5180-4033-A396-253C8B4B195E}.Release|Any CPU.ActiveCfg = Release|Any CPU
		{9BBB84BC-5180-4033-A396-253C8B4B195E}.Release|Any CPU.Build.0 = Release|Any CPU
	EndGlobalSection
	GlobalSection(SolutionProperties) = preSolution
		HideSolutionNode = FALSE
	EndGlobalSection
	GlobalSection(ExtensibilityGlobals) = postSolution
		SolutionGuid = {E84F1B2A-5BC3-4A16-AE37-66EDEC4610E2}
	EndGlobalSection
EndGlobal
